
Microsoft Visual Studio Solution File, Format Version 12.00
# Visual Studio Version 17
VisualStudioVersion = 17.4.33122.133
MinimumVisualStudioVersion = 10.0.40219.1
Project("{FAE04EC0-301F-11D3-BF4B-00C04F79EFBC}") = "sinemabiletsatis", "sinemabiletsatis\sinemabiletsatis.csproj", "{38F8442D-7524-499C-907C-81A81417E057}"
EndProject
Global
	GlobalSection(SolutionConfigurationPlatforms) = preSolution
		Debug|Any CPU = Debug|Any CPU
		Release|Any CPU = Release|Any CPU
	EndGlobalSection
	GlobalSection(ProjectConfigurationPlatforms) = postSolution
		{38F8442D-7524-499C-907C-81A81417E057}.Debug|Any CPU.ActiveCfg = Debug|Any CPU
		{38F8442D-7524-499C-907C-81A81417E057}.Debug|Any CPU.Build.0 = Debug|Any CPU
		{38F8442D-7524-499C-907C-81A81417E057}.Release|Any CPU.ActiveCfg = Release|Any CPU
		{38F8442D-7524-499C-907C-81A81417E057}.Release|Any CPU.Build.0 = Release|Any CPU
	EndGlobalSection
	GlobalSection(SolutionProperties) = preSolution
		HideSolutionNode = FALSE
	EndGlobalSection
	GlobalSection(ExtensibilityGlobals) = postSolution
		SolutionGuid = {2331C809-592E-47B6-A2CB-E8F885A7135E}
	EndGlobalSection
EndGlobal
